
Microsoft Visual Studio Solution File, Format Version 12.00
# Visual Studio 15
VisualStudioVersion = 15.0.28010.2046
MinimumVisualStudioVersion = 10.0.40219.1
Project("{FAE04EC0-301F-11D3-BF4B-00C04F79EFBC}") = "Kelompok04.Android", "Kelompok04\Kelompok04.Android\Kelompok04.Android.csproj", "{14A06CA4-5F3B-4CDC-9DB8-47A4B050CF91}"
EndProject
Project("{FAE04EC0-301F-11D3-BF4B-00C04F79EFBC}") = "Kelompok04.iOS", "Kelompok04\Kelompok04.iOS\Kelompok04.iOS.csproj", "{A0ED3D94-9731-427D-AE33-583895C039BF}"
EndProject
Project("{FAE04EC0-301F-11D3-BF4B-00C04F79EFBC}") = "Kelompok04.UWP", "Kelompok04\Kelompok04.UWP\Kelompok04.UWP.csproj", "{509733CA-B05B-43DC-B504-3AE8EC7B96A7}"
EndProject
Project("{FAE04EC0-301F-11D3-BF4B-00C04F79EFBC}") = "Kelompok04", "Kelompok04\Kelompok04\Kelompok04.csproj", "{43315B66-D528-4AEA-BC91-980FDC5B486E}"
EndProject
Global
	GlobalSection(SolutionConfigurationPlatforms) = preSolution
		Ad-Hoc|Any CPU = Ad-Hoc|Any CPU
		Ad-Hoc|ARM = Ad-Hoc|ARM
		Ad-Hoc|iPhone = Ad-Hoc|iPhone
		Ad-Hoc|iPhoneSimulator = Ad-Hoc|iPhoneSimulator
		Ad-Hoc|x64 = Ad-Hoc|x64
		Ad-Hoc|x86 = Ad-Hoc|x86
		AppStore|Any CPU = AppStore|Any CPU
		AppStore|ARM = AppStore|ARM
		AppStore|iPhone = AppStore|iPhone
		AppStore|iPhoneSimulator = AppStore|iPhoneSimulator
		AppStore|x64 = AppStore|x64
		AppStore|x86 = AppStore|x86
		Debug|Any CPU = Debug|Any CPU
		Debug|ARM = Debug|ARM
		Debug|iPhone = Debug|iPhone
		Debug|iPhoneSimulator = Debug|iPhoneSimulator
		Debug|x64 = Debug|x64
		Debug|x86 = Debug|x86
		Release|Any CPU = Release|Any CPU
		Release|ARM = Release|ARM
		Release|iPhone = Release|iPhone
		Release|iPhoneSimulator = Release|iPhoneSimulator
		Release|x64 = Release|x64
		Release|x86 = Release|x86
	EndGlobalSection
	GlobalSection(ProjectConfigurationPlatforms) = postSolution
		{14A06CA4-5F3B-4CDC-9DB8-47A4B050CF91}.Ad-Hoc|Any CPU.ActiveCfg = Release|Any CPU
		{14A06CA4-5F3B-4CDC-9DB8-47A4B050CF91}.Ad-Hoc|Any CPU.Build.0 = Release|Any CPU
		{14A06CA4-5F3B-4CDC-9DB8-47A4B050CF91}.Ad-Hoc|Any CPU.Deploy.0 = Release|Any CPU
		{14A06CA4-5F3B-4CDC-9DB8-47A4B050CF91}.Ad-Hoc|ARM.ActiveCfg = Release|Any CPU
		{14A06CA4-5F3B-4CDC-9DB8-47A4B050CF91}.Ad-Hoc|ARM.Build.0 = Release|Any CPU
		{14A06CA4-5F3B-4CDC-9DB8-47A4B050CF91}.Ad-Hoc|ARM.Deploy.0 = Release|Any CPU
		{14A06CA4-5F3B-4CDC-9DB8-47A4B050CF91}.Ad-Hoc|iPhone.ActiveCfg = Release|Any CPU
		{14A06CA4-5F3B-4CDC-9DB8-47A4B050CF91}.Ad-Hoc|iPhone.Build.0 = Release|Any CPU
		{14A06CA4-5F3B-4CDC-9DB8-47A4B050CF91}.Ad-Hoc|iPhone.Deploy.0 = Release|Any CPU
		{14A06CA4-5F3B-4CDC-9DB8-47A4B050CF91}.Ad-Hoc|iPhoneSimulator.ActiveCfg = Release|Any CPU
		{14A06CA4-5F3B-4CDC-9DB8-47A4B050CF91}.Ad-Hoc|iPhoneSimulator.Build.0 = Release|Any CPU
		{14A06CA4-5F3B-4CDC-9DB8-47A4B050CF91}.Ad-Hoc|iPhoneSimulator.Deploy.0 = Release|Any CPU
		{14A06CA4-5F3B-4CDC-9DB8-47A4B050CF91}.Ad-Hoc|x64.ActiveCfg = Release|Any CPU
		{14A06CA4-5F3B-4CDC-9DB8-47A4B050CF91}.Ad-Hoc|x64.Build.0 = Release|Any CPU
		{14A06CA4-5F3B-4CDC-9DB8-47A4B050CF91}.Ad-Hoc|x64.Deploy.0 = Release|Any CPU
		{14A06CA4-5F3B-4CDC-9DB8-47A4B050CF91}.Ad-Hoc|x86.ActiveCfg = Release|Any CPU
		{14A06CA4-5F3B-4CDC-9DB8-47A4B050CF91}.Ad-Hoc|x86.Build.0 = Release|Any CPU
		{14A06CA4-5F3B-4CDC-9DB8-47A4B050CF91}.Ad-Hoc|x86.Deploy.0 = Release|Any CPU
		{14A06CA4-5F3B-4CDC-9DB8-47A4B050CF91}.AppStore|Any CPU.ActiveCfg = Release|Any CPU
		{14A06CA4-5F3B-4CDC-9DB8-47A4B050CF91}.AppStore|Any CPU.Build.0 = Release|Any CPU
		{14A06CA4-5F3B-4CDC-9DB8-47A4B050CF91}.AppStore|Any CPU.Deploy.0 = Release|Any CPU
		{14A06CA4-5F3B-4CDC-9DB8-47A4B050CF91}.AppStore|ARM.ActiveCfg = Release|Any CPU
		{14A06CA4-5F3B-4CDC-9DB8-47A4B050CF91}.AppStore|ARM.Build.0 = Release|Any CPU
		{14A06CA4-5F3B-4CDC-9DB8-47A4B050CF91}.AppStore|ARM.Deploy.0 = Release|Any CPU
		{14A06CA4-5F3B-4CDC-9DB8-47A4B050CF91}.AppStore|iPhone.ActiveCfg = Release|Any CPU
		{14A06CA4-5F3B-4CDC-9DB8-47A4B050CF91}.AppStore|iPhone.Build.0 = Release|Any CPU
		{14A06CA4-5F3B-4CDC-9DB8-47A4B050CF91}.AppStore|iPhone.Deploy.0 = Release|Any CPU
		{14A06CA4-5F3B-4CDC-9DB8-47A4B050CF91}.AppStore|iPhoneSimulator.ActiveCfg = Release|Any CPU
		{14A06CA4-5F3B-4CDC-9DB8-47A4B050CF91}.AppStore|iPhoneSimulator.Build.0 = Release|Any CPU
		{14A06CA4-5F3B-4CDC-9DB8-47A4B050CF91}.AppStore|iPhoneSimulator.Deploy.0 = Release|Any CPU
		{14A06CA4-5F3B-4CDC-9DB8-47A4B050CF91}.AppStore|x64.ActiveCfg = Release|Any CPU
		{14A06CA4-5F3B-4CDC-9DB8-47A4B050CF91}.AppStore|x64.Build.0 = Release|Any CPU
		{14A06CA4-5F3B-4CDC-9DB8-47A4B050CF91}.AppStore|x64.Deploy.0 = Release|Any CPU
		{14A06CA4-5F3B-4CDC-9DB8-47A4B050CF91}.AppStore|x86.ActiveCfg = Release|Any CPU
		{14A06CA4-5F3B-4CDC-9DB8-47A4B050CF91}.AppStore|x86.Build.0 = Release|Any CPU
		{14A06CA4-5F3B-4CDC-9DB8-47A4B050CF91}.AppStore|x86.Deploy.0 = Release|Any CPU
		{14A06CA4-5F3B-4CDC-9DB8-47A4B050CF91}.Debug|Any CPU.ActiveCfg = Debug|Any CPU
		{14A06CA4-5F3B-4CDC-9DB8-47A4B050CF91}.Debug|Any CPU.Build.0 = Debug|Any CPU
		{14A06CA4-5F3B-4CDC-9DB8-47A4B050CF91}.Debug|Any CPU.Deploy.0 = Debug|Any CPU
		{14A06CA4-5F3B-4CDC-9DB8-47A4B050CF91}.Debug|ARM.ActiveCfg = Debug|Any CPU
		{14A06CA4-5F3B-4CDC-9DB8-47A4B050CF91}.Debug|ARM.Build.0 = Debug|Any CPU
		{14A06CA4-5F3B-4CDC-9DB8-47A4B050CF91}.Debug|ARM.Deploy.0 = Debug|Any CPU
		{14A06CA4-5F3B-4CDC-9DB8-47A4B050CF91}.Debug|iPhone.ActiveCfg = Debug|Any CPU
		{14A06CA4-5F3B-4CDC-9DB8-47A4B050CF91}.Debug|iPhone.Build.0 = Debug|Any CPU
		{14A06CA4-5F3B-4CDC-9DB8-47A4B050CF91}.Debug|iPhone.Deploy.0 = Debug|Any CPU
		{14A06CA4-5F3B-4CDC-9DB8-47A4B050CF91}.Debug|iPhoneSimulator.ActiveCfg = Debug|Any CPU
		{14A06CA4-5F3B-4CDC-9DB8-47A4B050CF91}.Debug|iPhoneSimulator.Build.0 = Debug|Any CPU
		{14A06CA4-5F3B-4CDC-9DB8-47A4B050CF91}.Debug|iPhoneSimulator.Deploy.0 = Debug|Any CPU
		{14A06CA4-5F3B-4CDC-9DB8-47A4B050CF91}.Debug|x64.ActiveCfg = Debug|Any CPU
		{14A06CA4-5F3B-4CDC-9DB8-47A4B050CF91}.Debug|x64.Build.0 = Debug|Any CPU
		{14A06CA4-5F3B-4CDC-9DB8-47A4B050CF91}.Debug|x64.Deploy.0 = Debug|Any CPU
		{14A06CA4-5F3B-4CDC-9DB8-47A4B050CF91}.Debug|x86.ActiveCfg = Debug|Any CPU
		{14A06CA4-5F3B-4CDC-9DB8-47A4B050CF91}.Debug|x86.Build.0 = Debug|Any CPU
		{14A06CA4-5F3B-4CDC-9DB8-47A4B050CF91}.Debug|x86.Deploy.0 = Debug|Any CPU
		{14A06CA4-5F3B-4CDC-9DB8-47A4B050CF91}.Release|Any CPU.ActiveCfg = Release|Any CPU
		{14A06CA4-5F3B-4CDC-9DB8-47A4B050CF91}.Release|Any CPU.Build.0 = Release|Any CPU
		{14A06CA4-5F3B-4CDC-9DB8-47A4B050CF91}.Release|Any CPU.Deploy.0 = Release|Any CPU
		{14A06CA4-5F3B-4CDC-9DB8-47A4B050CF91}.Release|ARM.ActiveCfg = Release|Any CPU
		{14A06CA4-5F3B-4CDC-9DB8-47A4B050CF91}.Release|ARM.Build.0 = Release|Any CPU
		{14A06CA4-5F3B-4CDC-9DB8-47A4B050CF91}.Release|ARM.Deploy.0 = Release|Any CPU
		{14A06CA4-5F3B-4CDC-9DB8-47A4B050CF91}.Release|iPhone.ActiveCfg = Release|Any CPU
		{14A06CA4-5F3B-4CDC-9DB8-47A4B050CF91}.Release|iPhone.Build.0 = Release|Any CPU
		{14A06CA4-5F3B-4CDC-9DB8-47A4B050CF91}.Release|iPhone.Deploy.0 = Release|Any CPU
		{14A06CA4-5F3B-4CDC-9DB8-47A4B050CF91}.Release|iPhoneSimulator.ActiveCfg = Release|Any CPU
		{14A06CA4-5F3B-4CDC-9DB8-47A4B050CF91}.Release|iPhoneSimulator.Build.0 = Release|Any CPU
		{14A06CA4-5F3B-4CDC-9DB8-47A4B050CF91}.Release|iPhoneSimulator.Deploy.0 = Release|Any CPU
		{14A06CA4-5F3B-4CDC-9DB8-47A4B050CF91}.Release|x64.ActiveCfg = Release|Any CPU
		{14A06CA4-5F3B-4CDC-9DB8-47A4B050CF91}.Release|x64.Build.0 = Release|Any CPU
		{14A06CA4-5F3B-4CDC-9DB8-47A4B050CF91}.Release|x64.Deploy.0 = Release|Any CPU
		{14A06CA4-5F3B-4CDC-9DB8-47A4B050CF91}.Release|x86.ActiveCfg = Release|Any CPU
		{14A06CA4-5F3B-4CDC-9DB8-47A4B050CF91}.Release|x86.Build.0 = Release|Any CPU
		{14A06CA4-5F3B-4CDC-9DB8-47A4B050CF91}.Release|x86.Deploy.0 = Release|Any CPU
		{A0ED3D94-9731-427D-AE33-583895C039BF}.Ad-Hoc|Any CPU.ActiveCfg = Ad-Hoc|iPhone
		{A0ED3D94-9731-427D-AE33-583895C039BF}.Ad-Hoc|Any CPU.Build.0 = Ad-Hoc|iPhone
		{A0ED3D94-9731-427D-AE33-583895C039BF}.Ad-Hoc|Any CPU.Deploy.0 = Ad-Hoc|iPhone
		{A0ED3D94-9731-427D-AE33-583895C039BF}.Ad-Hoc|ARM.ActiveCfg = Ad-Hoc|iPhone
		{A0ED3D94-9731-427D-AE33-583895C039BF}.Ad-Hoc|ARM.Build.0 = Ad-Hoc|iPhone
		{A0ED3D94-9731-427D-AE33-583895C039BF}.Ad-Hoc|ARM.Deploy.0 = Ad-Hoc|iPhone
		{A0ED3D94-9731-427D-AE33-583895C039BF}.Ad-Hoc|iPhone.ActiveCfg = Ad-Hoc|iPhone
		{A0ED3D94-9731-427D-AE33-583895C039BF}.Ad-Hoc|iPhone.Build.0 = Ad-Hoc|iPhone
		{A0ED3D94-9731-427D-AE33-583895C039BF}.Ad-Hoc|iPhone.Deploy.0 = Ad-Hoc|iPhone
		{A0ED3D94-9731-427D-AE33-583895C039BF}.Ad-Hoc|iPhoneSimulator.ActiveCfg = Ad-Hoc|iPhoneSimulator
		{A0ED3D94-9731-427D-AE33-583895C039BF}.Ad-Hoc|iPhoneSimulator.Build.0 = Ad-Hoc|iPhoneSimulator
		{A0ED3D94-9731-427D-AE33-583895C039BF}.Ad-Hoc|iPhoneSimulator.Deploy.0 = Ad-Hoc|iPhoneSimulator
		{A0ED3D94-9731-427D-AE33-583895C039BF}.Ad-Hoc|x64.ActiveCfg = Ad-Hoc|iPhone
		{A0ED3D94-9731-427D-AE33-583895C039BF}.Ad-Hoc|x64.Build.0 = Ad-Hoc|iPhone
		{A0ED3D94-9731-427D-AE33-583895C039BF}.Ad-Hoc|x64.Deploy.0 = Ad-Hoc|iPhone
		{A0ED3D94-9731-427D-AE33-583895C039BF}.Ad-Hoc|x86.ActiveCfg = Ad-Hoc|iPhone
		{A0ED3D94-9731-427D-AE33-583895C039BF}.Ad-Hoc|x86.Build.0 = Ad-Hoc|iPhone
		{A0ED3D94-9731-427D-AE33-583895C039BF}.Ad-Hoc|x86.Deploy.0 = Ad-Hoc|iPhone
		{A0ED3D94-9731-427D-AE33-583895C039BF}.AppStore|Any CPU.ActiveCfg = AppStore|iPhone
		{A0ED3D94-9731-427D-AE33-583895C039BF}.AppStore|Any CPU.Build.0 = AppStore|iPhone
		{A0ED3D94-9731-427D-AE33-583895C039BF}.AppStore|Any CPU.Deploy.0 = AppStore|iPhone
		{A0ED3D94-9731-427D-AE33-583895C039BF}.AppStore|ARM.ActiveCfg = AppStore|iPhone
		{A0ED3D94-9731-427D-AE33-583895C039BF}.AppStore|ARM.Build.0 = AppStore|iPhone
		{A0ED3D94-9731-427D-AE33-583895C039BF}.AppStore|ARM.Deploy.0 = AppStore|iPhone
		{A0ED3D94-9731-427D-AE33-583895C039BF}.AppStore|iPhone.ActiveCfg = AppStore|iPhone
		{A0ED3D94-9731-427D-AE33-583895C039BF}.AppStore|iPhone.Build.0 = AppStore|iPhone
		{A0ED3D94-9731-427D-AE33-583895C039BF}.AppStore|iPhone.Deploy.0 = AppStore|iPhone
		{A0ED3D94-9731-427D-AE33-583895C039BF}.AppStore|iPhoneSimulator.ActiveCfg = AppStore|iPhoneSimulator
		{A0ED3D94-9731-427D-AE33-583895C039BF}.AppStore|iPhoneSimulator.Build.0 = AppStore|iPhoneSimulator
		{A0ED3D94-9731-427D-AE33-583895C039BF}.AppStore|iPhoneSimulator.Deploy.0 = AppStore|iPhoneSimulator
		{A0ED3D94-9731-427D-AE33-583895C039BF}.AppStore|x64.ActiveCfg = AppStore|iPhone
		{A0ED3D94-9731-427D-AE33-583895C039BF}.AppStore|x64.Build.0 = AppStore|iPhone
		{A0ED3D94-9731-427D-AE33-583895C039BF}.AppStore|x64.Deploy.0 = AppStore|iPhone
		{A0ED3D94-9731-427D-AE33-583895C039BF}.AppStore|x86.ActiveCfg = AppStore|iPhone
		{A0ED3D94-9731-427D-AE33-583895C039BF}.AppStore|x86.Build.0 = AppStore|iPhone
		{A0ED3D94-9731-427D-AE33-583895C039BF}.AppStore|x86.Deploy.0 = AppStore|iPhone
		{A0ED3D94-9731-427D-AE33-583895C039BF}.Debug|Any CPU.ActiveCfg = Debug|iPhoneSimulator
		{A0ED3D94-9731-427D-AE33-583895C039BF}.Debug|Any CPU.Build.0 = Debug|iPhoneSimulator
		{A0ED3D94-9731-427D-AE33-583895C039BF}.Debug|Any CPU.Deploy.0 = Debug|iPhoneSimulator
		{A0ED3D94-9731-427D-AE33-583895C039BF}.Debug|ARM.ActiveCfg = Debug|iPhone
		{A0ED3D94-9731-427D-AE33-583895C039BF}.Debug|ARM.Build.0 = Debug|iPhone
		{A0ED3D94-9731-427D-AE33-583895C039BF}.Debug|ARM.Deploy.0 = Debug|iPhone
		{A0ED3D94-9731-427D-AE33-583895C039BF}.Debug|iPhone.ActiveCfg = Debug|iPhone
		{A0ED3D94-9731-427D-AE33-583895C039BF}.Debug|iPhone.Build.0 = Debug|iPhone
		{A0ED3D94-9731-427D-AE33-583895C039BF}.Debug|iPhone.Deploy.0 = Debug|iPhone
		{A0ED3D94-9731-427D-AE33-583895C039BF}.Debug|iPhoneSimulator.ActiveCfg = Debug|iPhoneSimulator
		{A0ED3D94-9731-427D-AE33-583895C039BF}.Debug|iPhoneSimulator.Build.0 = Debug|iPhoneSimulator
		{A0ED3D94-9731-427D-AE33-583895C039BF}.Debug|iPhoneSimulator.Deploy.0 = Debug|iPhoneSimulator
		{A0ED3D94-9731-427D-AE33-583895C039BF}.Debug|x64.ActiveCfg = Debug|iPhone
		{A0ED3D94-9731-427D-AE33-583895C039BF}.Debug|x64.Build.0 = Debug|iPhone
		{A0ED3D94-9731-427D-AE33-583895C039BF}.Debug|x64.Deploy.0 = Debug|iPhone
		{A0ED3D94-9731-427D-AE33-583895C039BF}.Debug|x86.ActiveCfg = Debug|iPhone
		{A0ED3D94-9731-427D-AE33-583895C039BF}.Debug|x86.Build.0 = Debug|iPhone
		{A0ED3D94-9731-427D-AE33-583895C039BF}.Debug|x86.Deploy.0 = Debug|iPhone
		{A0ED3D94-9731-427D-AE33-583895C039BF}.Release|Any CPU.ActiveCfg = Release|iPhone
		{A0ED3D94-9731-427D-AE33-583895C039BF}.Release|Any CPU.Build.0 = Release|iPhone
		{A0ED3D94-9731-427D-AE33-583895C039BF}.Release|Any CPU.Deploy.0 = Release|iPhone
		{A0ED3D94-9731-427D-AE33-583895C039BF}.Release|ARM.ActiveCfg = Release|iPhone
		{A0ED3D94-9731-427D-AE33-583895C039BF}.Release|ARM.Build.0 = Release|iPhone
		{A0ED3D94-9731-427D-AE33-583895C039BF}.Release|ARM.Deploy.0 = Release|iPhone
		{A0ED3D94-9731-427D-AE33-583895C039BF}.Release|iPhone.ActiveCfg = Release|iPhone
		{A0ED3D94-9731-427D-AE33-583895C039BF}.Release|iPhone.Build.0 = Release|iPhone
		{A0ED3D94-9731-427D-AE33-583895C039BF}.Release|iPhone.Deploy.0 = Release|iPhone
		{A0ED3D94-9731-427D-AE33-583895C039BF}.Release|iPhoneSimulator.ActiveCfg = Release|iPhoneSimulator
		{A0ED3D94-9731-427D-AE33-583895C039BF}.Release|iPhoneSimulator.Build.0 = Release|iPhoneSimulator
		{A0ED3D94-9731-427D-AE33-583895C039BF}.Release|iPhoneSimulator.Deploy.0 = Release|iPhoneSimulator
		{A0ED3D94-9731-427D-AE33-583895C039BF}.Release|x64.ActiveCfg = Release|iPhone
		{A0ED3D94-9731-427D-AE33-583895C039BF}.Release|x64.Build.0 = Release|iPhone
		{A0ED3D94-9731-427D-AE33-583895C039BF}.Release|x64.Deploy.0 = Release|iPhone
		{A0ED3D94-9731-427D-AE33-583895C039BF}.Release|x86.ActiveCfg = Release|iPhone
		{A0ED3D94-9731-427D-AE33-583895C039BF}.Release|x86.Build.0 = Release|iPhone
		{A0ED3D94-9731-427D-AE33-583895C039BF}.Release|x86.Deploy.0 = Release|iPhone
		{509733CA-B05B-43DC-B504-3AE8EC7B96A7}.Ad-Hoc|Any CPU.ActiveCfg = Release|x86
		{509733CA-B05B-43DC-B504-3AE8EC7B96A7}.Ad-Hoc|Any CPU.Build.0 = Release|x86
		{509733CA-B05B-43DC-B504-3AE8EC7B96A7}.Ad-Hoc|Any CPU.Deploy.0 = Release|x86
		{509733CA-B05B-43DC-B504-3AE8EC7B96A7}.Ad-Hoc|ARM.ActiveCfg = Release|ARM
		{509733CA-B05B-43DC-B504-3AE8EC7B96A7}.Ad-Hoc|ARM.Build.0 = Release|ARM
		{509733CA-B05B-43DC-B504-3AE8EC7B96A7}.Ad-Hoc|ARM.Deploy.0 = Release|ARM
		{509733CA-B05B-43DC-B504-3AE8EC7B96A7}.Ad-Hoc|iPhone.ActiveCfg = Release|x86
		{509733CA-B05B-43DC-B504-3AE8EC7B96A7}.Ad-Hoc|iPhone.Build.0 = Release|x86
		{509733CA-B05B-43DC-B504-3AE8EC7B96A7}.Ad-Hoc|iPhone.Deploy.0 = Release|x86
		{509733CA-B05B-43DC-B504-3AE8EC7B96A7}.Ad-Hoc|iPhoneSimulator.ActiveCfg = Release|x86
		{509733CA-B05B-43DC-B504-3AE8EC7B96A7}.Ad-Hoc|iPhoneSimulator.Build.0 = Release|x86
		{509733CA-B05B-43DC-B504-3AE8EC7B96A7}.Ad-Hoc|iPhoneSimulator.Deploy.0 = Release|x86
		{509733CA-B05B-43DC-B504-3AE8EC7B96A7}.Ad-Hoc|x64.ActiveCfg = Release|x64
		{509733CA-B05B-43DC-B504-3AE8EC7B96A7}.Ad-Hoc|x64.Build.0 = Release|x64
		{509733CA-B05B-43DC-B504-3AE8EC7B96A7}.Ad-Hoc|x64.Deploy.0 = Release|x64
		{509733CA-B05B-43DC-B504-3AE8EC7B96A7}.Ad-Hoc|x86.ActiveCfg = Release|x86
		{509733CA-B05B-43DC-B504-3AE8EC7B96A7}.Ad-Hoc|x86.Build.0 = Release|x86
		{509733CA-B05B-43DC-B504-3AE8EC7B96A7}.Ad-Hoc|x86.Deploy.0 = Release|x86
		{509733CA-B05B-43DC-B504-3AE8EC7B96A7}.AppStore|Any CPU.ActiveCfg = Release|x86
		{509733CA-B05B-43DC-B504-3AE8EC7B96A7}.AppStore|Any CPU.Build.0 = Release|x86
		{509733CA-B05B-43DC-B504-3AE8EC7B96A7}.AppStore|Any CPU.Deploy.0 = Release|x86
		{509733CA-B05B-43DC-B504-3AE8EC7B96A7}.AppStore|ARM.ActiveCfg = Release|ARM
		{509733CA-B05B-43DC-B504-3AE8EC7B96A7}.AppStore|ARM.Build.0 = Release|ARM
		{509733CA-B05B-43DC-B504-3AE8EC7B96A7}.AppStore|ARM.Deploy.0 = Release|ARM
		{509733CA-B05B-43DC-B504-3AE8EC7B96A7}.AppStore|iPhone.ActiveCfg = Release|x86
		{509733CA-B05B-43DC-B504-3AE8EC7B96A7}.AppStore|iPhone.Build.0 = Release|x86
		{509733CA-B05B-43DC-B504-3AE8EC7B96A7}.AppStore|iPhone.Deploy.0 = Release|x86
		{509733CA-B05B-43DC-B504-3AE8EC7B96A7}.AppStore|iPhoneSimulator.ActiveCfg = Release|x86
		{509733CA-B05B-43DC-B504-3AE8EC7B96A7}.AppStore|iPhoneSimulator.Build.0 = Release|x86
		{509733CA-B05B-43DC-B504-3AE8EC7B96A7}.AppStore|iPhoneSimulator.Deploy.0 = Release|x86
		{509733CA-B05B-43DC-B504-3AE8EC7B96A7}.AppStore|x64.ActiveCfg = Release|x64
		{509733CA-B05B-43DC-B504-3AE8EC7B96A7}.AppStore|x64.Build.0 = Release|x64
		{509733CA-B05B-43DC-B504-3AE8EC7B96A7}.AppStore|x64.Deploy.0 = Release|x64
		{509733CA-B05B-43DC-B504-3AE8EC7B96A7}.AppStore|x86.ActiveCfg = Release|x86
		{509733CA-B05B-43DC-B504-3AE8EC7B96A7}.AppStore|x86.Build.0 = Release|x86
		{509733CA-B05B-43DC-B504-3AE8EC7B96A7}.AppStore|x86.Deploy.0 = Release|x86
		{509733CA-B05B-43DC-B504-3AE8EC7B96A7}.Debug|Any CPU.ActiveCfg = Debug|x86
		{509733CA-B05B-43DC-B504-3AE8EC7B96A7}.Debug|Any CPU.Build.0 = Debug|x86
		{509733CA-B05B-43DC-B504-3AE8EC7B96A7}.Debug|Any CPU.Deploy.0 = Debug|x86
		{509733CA-B05B-43DC-B504-3AE8EC7B96A7}.Debug|ARM.ActiveCfg = Debug|ARM
		{509733CA-B05B-43DC-B504-3AE8EC7B96A7}.Debug|ARM.Build.0 = Debug|ARM
		{509733CA-B05B-43DC-B504-3AE8EC7B96A7}.Debug|ARM.Deploy.0 = Debug|ARM
		{509733CA-B05B-43DC-B504-3AE8EC7B96A7}.Debug|iPhone.ActiveCfg = Debug|x86
		{509733CA-B05B-43DC-B504-3AE8EC7B96A7}.Debug|iPhone.Build.0 = Debug|x86
		{509733CA-B05B-43DC-B504-3AE8EC7B96A7}.Debug|iPhone.Deploy.0 = Debug|x86
		{509733CA-B05B-43DC-B504-3AE8EC7B96A7}.Debug|iPhoneSimulator.ActiveCfg = Debug|x86
		{509733CA-B05B-43DC-B504-3AE8EC7B96A7}.Debug|iPhoneSimulator.Build.0 = Debug|x86
		{509733CA-B05B-43DC-B504-3AE8EC7B96A7}.Debug|iPhoneSimulator.Deploy.0 = Debug|x86
		{509733CA-B05B-43DC-B504-3AE8EC7B96A7}.Debug|x64.ActiveCfg = Debug|x64
		{509733CA-B05B-43DC-B504-3AE8EC7B96A7}.Debug|x64.Build.0 = Debug|x64
		{509733CA-B05B-43DC-B504-3AE8EC7B96A7}.Debug|x64.Deploy.0 = Debug|x64
		{509733CA-B05B-43DC-B504-3AE8EC7B96A7}.Debug|x86.ActiveCfg = Debug|x86
		{509733CA-B05B-43DC-B504-3AE8EC7B96A7}.Debug|x86.Build.0 = Debug|x86
		{509733CA-B05B-43DC-B504-3AE8EC7B96A7}.Debug|x86.Deploy.0 = Debug|x86
		{509733CA-B05B-43DC-B504-3AE8EC7B96A7}.Release|Any CPU.ActiveCfg = Release|x86
		{509733CA-B05B-43DC-B504-3AE8EC7B96A7}.Release|Any CPU.Build.0 = Release|x86
		{509733CA-B05B-43DC-B504-3AE8EC7B96A7}.Release|Any CPU.Deploy.0 = Release|x86
		{509733CA-B05B-43DC-B504-3AE8EC7B96A7}.Release|ARM.ActiveCfg = Release|ARM
		{509733CA-B05B-43DC-B504-3AE8EC7B96A7}.Release|ARM.Build.0 = Release|ARM
		{509733CA-B05B-43DC-B504-3AE8EC7B96A7}.Release|ARM.Deploy.0 = Release|ARM
		{509733CA-B05B-43DC-B504-3AE8EC7B96A7}.Release|iPhone.ActiveCfg = Release|x86
		{509733CA-B05B-43DC-B504-3AE8EC7B96A7}.Release|iPhone.Build.0 = Release|x86
		{509733CA-B05B-43DC-B504-3AE8EC7B96A7}.Release|iPhone.Deploy.0 = Release|x86
		{509733CA-B05B-43DC-B504-3AE8EC7B96A7}.Release|iPhoneSimulator.ActiveCfg = Release|x86
		{509733CA-B05B-43DC-B504-3AE8EC7B96A7}.Release|iPhoneSimulator.Build.0 = Release|x86
		{509733CA-B05B-43DC-B504-3AE8EC7B96A7}.Release|iPhoneSimulator.Deploy.0 = Release|x86
		{509733CA-B05B-43DC-B504-3AE8EC7B96A7}.Release|x64.ActiveCfg = Release|x64
		{509733CA-B05B-43DC-B504-3AE8EC7B96A7}.Release|x64.Build.0 = Release|x64
		{509733CA-B05B-43DC-B504-3AE8EC7B96A7}.Release|x64.Deploy.0 = Release|x64
		{509733CA-B05B-43DC-B504-3AE8EC7B96A7}.Release|x86.ActiveCfg = Release|x86
		{509733CA-B05B-43DC-B504-3AE8EC7B96A7}.Release|x86.Build.0 = Release|x86
		{509733CA-B05B-43DC-B504-3AE8EC7B96A7}.Release|x86.Deploy.0 = Release|x86
		{43315B66-D528-4AEA-BC91-980FDC5B486E}.Ad-Hoc|Any CPU.ActiveCfg = Debug|Any CPU
		{43315B66-D528-4AEA-BC91-980FDC5B486E}.Ad-Hoc|Any CPU.Build.0 = Debug|Any CPU
		{43315B66-D528-4AEA-BC91-980FDC5B486E}.Ad-Hoc|Any CPU.Deploy.0 = Debug|Any CPU
		{43315B66-D528-4AEA-BC91-980FDC5B486E}.Ad-Hoc|ARM.ActiveCfg = Debug|Any CPU
		{43315B66-D528-4AEA-BC91-980FDC5B486E}.Ad-Hoc|ARM.Build.0 = Debug|Any CPU
		{43315B66-D528-4AEA-BC91-980FDC5B486E}.Ad-Hoc|ARM.Deploy.0 = Debug|Any CPU
		{43315B66-D528-4AEA-BC91-980FDC5B486E}.Ad-Hoc|iPhone.ActiveCfg = Debug|Any CPU
		{43315B66-D528-4AEA-BC91-980FDC5B486E}.Ad-Hoc|iPhone.Build.0 = Debug|Any CPU
		{43315B66-D528-4AEA-BC91-980FDC5B486E}.Ad-Hoc|iPhone.Deploy.0 = Debug|Any CPU
		{43315B66-D528-4AEA-BC91-980FDC5B486E}.Ad-Hoc|iPhoneSimulator.ActiveCfg = Debug|Any CPU
		{43315B66-D528-4AEA-BC91-980FDC5B486E}.Ad-Hoc|iPhoneSimulator.Build.0 = Debug|Any CPU
		{43315B66-D528-4AEA-BC91-980FDC5B486E}.Ad-Hoc|iPhoneSimulator.Deploy.0 = Debug|Any CPU
		{43315B66-D528-4AEA-BC91-980FDC5B486E}.Ad-Hoc|x64.ActiveCfg = Debug|Any CPU
		{43315B66-D528-4AEA-BC91-980FDC5B486E}.Ad-Hoc|x64.Build.0 = Debug|Any CPU
		{43315B66-D528-4AEA-BC91-980FDC5B486E}.Ad-Hoc|x64.Deploy.0 = Debug|Any CPU
		{43315B66-D528-4AEA-BC91-980FDC5B486E}.Ad-Hoc|x86.ActiveCfg = Debug|Any CPU
		{43315B66-D528-4AEA-BC91-980FDC5B486E}.Ad-Hoc|x86.Build.0 = Debug|Any CPU
		{43315B66-D528-4AEA-BC91-980FDC5B486E}.Ad-Hoc|x86.Deploy.0 = Debug|Any CPU
		{43315B66-D528-4AEA-BC91-980FDC5B486E}.AppStore|Any CPU.ActiveCfg = Debug|Any CPU
		{43315B66-D528-4AEA-BC91-980FDC5B486E}.AppStore|Any CPU.Build.0 = Debug|Any CPU
		{43315B66-D528-4AEA-BC91-980FDC5B486E}.AppStore|Any CPU.Deploy.0 = Debug|Any CPU
		{43315B66-D528-4AEA-BC91-980FDC5B486E}.AppStore|ARM.ActiveCfg = Debug|Any CPU
		{43315B66-D528-4AEA-BC91-980FDC5B486E}.AppStore|ARM.Build.0 = Debug|Any CPU
		{43315B66-D528-4AEA-BC91-980FDC5B486E}.AppStore|ARM.Deploy.0 = Debug|Any CPU
		{43315B66-D528-4AEA-BC91-980FDC5B486E}.AppStore|iPhone.ActiveCfg = Debug|Any CPU
		{43315B66-D528-4AEA-BC91-980FDC5B486E}.AppStore|iPhone.Build.0 = Debug|Any CPU
		{43315B66-D528-4AEA-BC91-980FDC5B486E}.AppStore|iPhone.Deploy.0 = Debug|Any CPU
		{43315B66-D528-4AEA-BC91-980FDC5B486E}.AppStore|iPhoneSimulator.ActiveCfg = Debug|Any CPU
		{43315B66-D528-4AEA-BC91-980FDC5B486E}.AppStore|iPhoneSimulator.Build.0 = Debug|Any CPU
		{43315B66-D528-4AEA-BC91-980FDC5B486E}.AppStore|iPhoneSimulator.Deploy.0 = Debug|Any CPU
		{43315B66-D528-4AEA-BC91-980FDC5B486E}.AppStore|x64.ActiveCfg = Debug|Any CPU
		{43315B66-D528-4AEA-BC91-980FDC5B486E}.AppStore|x64.Build.0 = Debug|Any CPU
		{43315B66-D528-4AEA-BC91-980FDC5B486E}.AppStore|x64.Deploy.0 = Debug|Any CPU
		{43315B66-D528-4AEA-BC91-980FDC5B486E}.AppStore|x86.ActiveCfg = Debug|Any CPU
		{43315B66-D528-4AEA-BC91-980FDC5B486E}.AppStore|x86.Build.0 = Debug|Any CPU
		{43315B66-D528-4AEA-BC91-980FDC5B486E}.AppStore|x86.Deploy.0 = Debug|Any CPU
		{43315B66-D528-4AEA-BC91-980FDC5B486E}.Debug|Any CPU.ActiveCfg = Debug|Any CPU
		{43315B66-D528-4AEA-BC91-980FDC5B486E}.Debug|Any CPU.Build.0 = Debug|Any CPU
		{43315B66-D528-4AEA-BC91-980FDC5B486E}.Debug|Any CPU.Deploy.0 = Debug|Any CPU
		{43315B66-D528-4AEA-BC91-980FDC5B486E}.Debug|ARM.ActiveCfg = Debug|Any CPU
		{43315B66-D528-4AEA-BC91-980FDC5B486E}.Debug|ARM.Build.0 = Debug|Any CPU
		{43315B66-D528-4AEA-BC91-980FDC5B486E}.Debug|ARM.Deploy.0 = Debug|Any CPU
		{43315B66-D528-4AEA-BC91-980FDC5B486E}.Debug|iPhone.ActiveCfg = Debug|Any CPU
		{43315B66-D528-4AEA-BC91-980FDC5B486E}.Debug|iPhone.Build.0 = Debug|Any CPU
		{43315B66-D528-4AEA-BC91-980FDC5B486E}.Debug|iPhone.Deploy.0 = Debug|Any CPU
		{43315B66-D528-4AEA-BC91-980FDC5B486E}.Debug|iPhoneSimulator.ActiveCfg = Debug|Any CPU
		{43315B66-D528-4AEA-BC91-980FDC5B486E}.Debug|iPhoneSimulator.Build.0 = Debug|Any CPU
		{43315B66-D528-4AEA-BC91-980FDC5B486E}.Debug|iPhoneSimulator.Deploy.0 = Debug|Any CPU
		{43315B66-D528-4AEA-BC91-980FDC5B486E}.Debug|x64.ActiveCfg = Debug|Any CPU
		{43315B66-D528-4AEA-BC91-980FDC5B486E}.Debug|x64.Build.0 = Debug|Any CPU
		{43315B66-D528-4AEA-BC91-980FDC5B486E}.Debug|x64.Deploy.0 = Debug|Any CPU
		{43315B66-D528-4AEA-BC91-980FDC5B486E}.Debug|x86.ActiveCfg = Debug|Any CPU
		{43315B66-D528-4AEA-BC91-980FDC5B486E}.Debug|x86.Build.0 = Debug|Any CPU
		{43315B66-D528-4AEA-BC91-980FDC5B486E}.Debug|x86.Deploy.0 = Debug|Any CPU
		{43315B66-D528-4AEA-BC91-980FDC5B486E}.Release|Any CPU.ActiveCfg = Release|Any CPU
		{43315B66-D528-4AEA-BC91-980FDC5B486E}.Release|Any CPU.Build.0 = Release|Any CPU
		{43315B66-D528-4AEA-BC91-980FDC5B486E}.Release|Any CPU.Deploy.0 = Release|Any CPU
		{43315B66-D528-4AEA-BC91-980FDC5B486E}.Release|ARM.ActiveCfg = Release|Any CPU
		{43315B66-D528-4AEA-BC91-980FDC5B486E}.Release|ARM.Build.0 = Release|Any CPU
		{43315B66-D528-4AEA-BC91-980FDC5B486E}.Release|ARM.Deploy.0 = Release|Any CPU
		{43315B66-D528-4AEA-BC91-980FDC5B486E}.Release|iPhone.ActiveCfg = Release|Any CPU
		{43315B66-D528-4AEA-BC91-980FDC5B486E}.Release|iPhone.Build.0 = Release|Any CPU
		{43315B66-D528-4AEA-BC91-980FDC5B486E}.Release|iPhone.Deploy.0 = Release|Any CPU
		{43315B66-D528-4AEA-BC91-980FDC5B486E}.Release|iPhoneSimulator.ActiveCfg = Release|Any CPU
		{43315B66-D528-4AEA-BC91-980FDC5B486E}.Release|iPhoneSimulator.Build.0 = Release|Any CPU
		{43315B66-D528-4AEA-BC91-980FDC5B486E}.Release|iPhoneSimulator.Deploy.0 = Release|Any CPU
		{43315B66-D528-4AEA-BC91-980FDC5B486E}.Release|x64.ActiveCfg = Release|Any CPU
		{43315B66-D528-4AEA-BC91-980FDC5B486E}.Release|x64.Build.0 = Release|Any CPU
		{43315B66-D528-4AEA-BC91-980FDC5B486E}.Release|x64.Deploy.0 = Release|Any CPU
		{43315B66-D528-4AEA-BC91-980FDC5B486E}.Release|x86.ActiveCfg = Release|Any CPU
		{43315B66-D528-4AEA-BC91-980FDC5B486E}.Release|x86.Build.0 = Release|Any CPU
		{43315B66-D528-4AEA-BC91-980FDC5B486E}.Release|x86.Deploy.0 = Release|Any CPU
	EndGlobalSection
	GlobalSection(SolutionProperties) = preSolution
		HideSolutionNode = FALSE
	EndGlobalSection
	GlobalSection(ExtensibilityGlobals) = postSolution
		SolutionGuid = {4819DA06-5E4A-41B6-97F7-F421E8990AE2}
	EndGlobalSection
EndGlobal
